PODS:
  - test-app (0.1.0)
  - test-extension (0.1.0)

DEPENDENCIES:
  - test-app (from `../`)
  - test-extension (from `../`)

EXTERNAL SOURCES:
  test-app:
    :path: "../"
  test-extension:
    :path: "../"

SPEC CHECKSUMS:
  test-app: 3a17b0ad69c0f760ac5ec8955256900803b0c6ea
  test-extension: 24af18c54683a3a54b4140783c62d784efadb2b4

PODFILE CHECKSUM: 7d1aa0625b34d6f219306531648e77e65121b4e0

COCOAPODS: 1.9.3
